// !$*UTF8*$!
{
	archiveVersion = 1;
	classes = {
	};
	objectVersion = 50;
	objects = {

/* Begin PBXBuildFile section */
		55BB0C0623022B9F005EAD04 /* LoadingView.swift in Sources */ = {isa = PBXBuildFile; fileRef = 55BB0C0423022B9F005EAD04 /* LoadingView.swift */; };
		55BB0C0723022B9F005EAD04 /* LoadingView.xib in Resources */ = {isa = PBXBuildFile; fileRef = 55BB0C0523022B9F005EAD04 /* LoadingView.xib */; };
		55C019CC2302288200D37B58 /* Assets.xcassets in Resources */ = {isa = PBXBuildFile; fileRef = 55C019CB2302288200D37B58 /* Assets.xcassets */; };
		E484DE632300C5390050E15B /* QuizViewController.swift in Sources */ = {isa = PBXBuildFile; fileRef = E484DE622300C5390050E15B /* QuizViewController.swift */; };
		E484DE652300F2390050E15B /* KeywordTableViewCell.swift in Sources */ = {isa = PBXBuildFile; fileRef = E484DE642300F2390050E15B /* KeywordTableViewCell.swift */; };
		E484DE692300F5340050E15B /* ButtonState.swift in Sources */ = {isa = PBXBuildFile; fileRef = E484DE682300F5340050E15B /* ButtonState.swift */; };
		E484DE6D2300F9160050E15B /* TimeFormat.swift in Sources */ = {isa = PBXBuildFile; fileRef = E484DE6C2300F9160050E15B /* TimeFormat.swift */; };
		E4BCDE2622FF81500094ACBC /* AppDelegate.swift in Sources */ = {isa = PBXBuildFile; fileRef = E4BCDE2522FF81500094ACBC /* AppDelegate.swift */; };
		E4BCDE2B22FF81500094ACBC /* Main.storyboard in Resources */ = {isa = PBXBuildFile; fileRef = E4BCDE2922FF81500094ACBC /* Main.storyboard */; };
		E4BCDE3022FF81520094ACBC /* LaunchScreen.storyboard in Resources */ = {isa = PBXBuildFile; fileRef = E4BCDE2E22FF81520094ACBC /* LaunchScreen.storyboard */; };
		E4BCDE3822FF81990094ACBC /* KeywordsService.swift in Sources */ = {isa = PBXBuildFile; fileRef = E4BCDE3722FF81990094ACBC /* KeywordsService.swift */; };
		E4BCDE3A22FF88370094ACBC /* Keywords.swift in Sources */ = {isa = PBXBuildFile; fileRef = E4BCDE3922FF88370094ACBC /* Keywords.swift */; };
		E4BCDE692300A44C0094ACBC /* SF-Pro-Display-HeavyItalic.otf in Resources */ = {isa = PBXBuildFile; fileRef = E4BCDE3C2300A4410094ACBC /* SF-Pro-Display-HeavyItalic.otf */; };
		E4BCDE6A2300A44C0094ACBC /* SF-Pro-Display-Ultralight.otf in Resources */ = {isa = PBXBuildFile; fileRef = E4BCDE3D2300A4410094ACBC /* SF-Pro-Display-Ultralight.otf */; };
		E4BCDE6B2300A44C0094ACBC /* SF-Pro-Display-ThinItalic.otf in Resources */ = {isa = PBXBuildFile; fileRef = E4BCDE3E2300A4410094ACBC /* SF-Pro-Display-ThinItalic.otf */; };
		E4BCDE6C2300A44C0094ACBC /* SF-Pro-Rounded-Heavy.otf in Resources */ = {isa = PBXBuildFile; fileRef = E4BCDE3F2300A4410094ACBC /* SF-Pro-Rounded-Heavy.otf */; };
		E4BCDE6D2300A44C0094ACBC /* SF-Pro-Text-MediumItalic.otf in Resources */ = {isa = PBXBuildFile; fileRef = E4BCDE402300A4420094ACBC /* SF-Pro-Text-MediumItalic.otf */; };
		E4BCDE6E2300A44C0094ACBC /* SF-Pro-Text-RegularItalic.otf in Resources */ = {isa = PBXBuildFile; fileRef = E4BCDE412300A4420094ACBC /* SF-Pro-Text-RegularItalic.otf */; };
		E4BCDE6F2300A44C0094ACBC /* SF-Pro-Text-Semibold.otf in Resources */ = {isa = PBXBuildFile; fileRef = E4BCDE422300A4420094ACBC /* SF-Pro-Text-Semibold.otf */; };
		E4BCDE702300A44C0094ACBC /* SF-Pro-Display-SemiboldItalic.otf in Resources */ = {isa = PBXBuildFile; fileRef = E4BCDE432300A4420094ACBC /* SF-Pro-Display-SemiboldItalic.otf */; };
		E4BCDE712300A44C0094ACBC /* SF-Pro-Text-HeavyItalic.otf in Resources */ = {isa = PBXBuildFile; fileRef = E4BCDE442300A4420094ACBC /* SF-Pro-Text-HeavyItalic.otf */; };
		E4BCDE722300A44C0094ACBC /* SF-Pro-Text-Heavy.otf in Resources */ = {isa = PBXBuildFile; fileRef = E4BCDE452300A4420094ACBC /* SF-Pro-Text-Heavy.otf */; };
		E4BCDE732300A44C0094ACBC /* SF-Pro-Display-LightItalic.otf in Resources */ = {isa = PBXBuildFile; fileRef = E4BCDE462300A4430094ACBC /* SF-Pro-Display-LightItalic.otf */; };
		E4BCDE742300A44C0094ACBC /* SF-Pro-Rounded-Light.otf in Resources */ = {isa = PBXBuildFile; fileRef = E4BCDE472300A4430094ACBC /* SF-Pro-Rounded-Light.otf */; };
		E4BCDE752300A44C0094ACBC /* SF-Pro-Text-BlackItalic.otf in Resources */ = {isa = PBXBuildFile; fileRef = E4BCDE482300A4430094ACBC /* SF-Pro-Text-BlackItalic.otf */; };
		E4BCDE762300A44C0094ACBC /* SF-Pro-Text-Light.otf in Resources */ = {isa = PBXBuildFile; fileRef = E4BCDE492300A4430094ACBC /* SF-Pro-Text-Light.otf */; };
		E4BCDE772300A44C0094ACBC /* SF-Pro-Text-Regular.otf in Resources */ = {isa = PBXBuildFile; fileRef = E4BCDE4A2300A4430094ACBC /* SF-Pro-Text-Regular.otf */; };
		E4BCDE782300A44C0094ACBC /* SF-Pro-Text-Thin.otf in Resources */ = {isa = PBXBuildFile; fileRef = E4BCDE4B2300A4440094ACBC /* SF-Pro-Text-Thin.otf */; };
		E4BCDE792300A44C0094ACBC /* SF-Pro-Text-Ultralight.otf in Resources */ = {isa = PBXBuildFile; fileRef = E4BCDE4C2300A4440094ACBC /* SF-Pro-Text-Ultralight.otf */; };
		E4BCDE7A2300A44C0094ACBC /* SF-Pro-Rounded-Black.otf in Resources */ = {isa = PBXBuildFile; fileRef = E4BCDE4D2300A4440094ACBC /* SF-Pro-Rounded-Black.otf */; };
		E4BCDE7B2300A44C0094ACBC /* SF-Pro-Rounded-Medium.otf in Resources */ = {isa = PBXBuildFile; fileRef = E4BCDE4E2300A4450094ACBC /* SF-Pro-Rounded-Medium.otf */; };
		E4BCDE7C2300A44C0094ACBC /* SF-Pro-Text-BoldItalic.otf in Resources */ = {isa = PBXBuildFile; fileRef = E4BCDE4F2300A4450094ACBC /* SF-Pro-Text-BoldItalic.otf */; };
		E4BCDE7D2300A44C0094ACBC /* SF-Pro-Text-Bold.otf in Resources */ = {isa = PBXBuildFile; fileRef = E4BCDE502300A4450094ACBC /* SF-Pro-Text-Bold.otf */; };
		E4BCDE7E2300A44C0094ACBC /* SF-Pro-Text-Medium.otf in Resources */ = {isa = PBXBuildFile; fileRef = E4BCDE512300A4450094ACBC /* SF-Pro-Text-Medium.otf */; };
		E4BCDE7F2300A44C0094ACBC /* SF-Pro-Rounded-Bold.otf in Resources */ = {isa = PBXBuildFile; fileRef = E4BCDE522300A4460094ACBC /* SF-Pro-Rounded-Bold.otf */; };
		E4BCDE802300A44C0094ACBC /* SF-Pro-Display-UltralightItalic.otf in Resources */ = {isa = PBXBuildFile; fileRef = E4BCDE532300A4460094ACBC /* SF-Pro-Display-UltralightItalic.otf */; };
		E4BCDE812300A44C0094ACBC /* SF-Pro-Display-Thin.otf in Resources */ = {isa = PBXBuildFile; fileRef = E4BCDE542300A4460094ACBC /* SF-Pro-Display-Thin.otf */; };
		E4BCDE822300A44C0094ACBC /* SF-Pro-Display-BlackItalic.otf in Resources */ = {isa = PBXBuildFile; fileRef = E4BCDE552300A4470094ACBC /* SF-Pro-Display-BlackItalic.otf */; };
		E4BCDE832300A44C0094ACBC /* SF-Pro-Rounded-Thin.otf in Resources */ = {isa = PBXBuildFile; fileRef = E4BCDE562300A4470094ACBC /* SF-Pro-Rounded-Thin.otf */; };
		E4BCDE842300A44C0094ACBC /* SF-Pro-Display-MediumItalic.otf in Resources */ = {isa = PBXBuildFile; fileRef = E4BCDE572300A4470094ACBC /* SF-Pro-Display-MediumItalic.otf */; };
		E4BCDE852300A44C0094ACBC /* SF-Pro-Display-Bold.otf in Resources */ = {isa = PBXBuildFile; fileRef = E4BCDE582300A4470094ACBC /* SF-Pro-Display-Bold.otf */; };
		E4BCDE862300A44C0094ACBC /* SF-Pro-Text-UltralightItalic.otf in Resources */ = {isa = PBXBuildFile; fileRef = E4BCDE592300A4470094ACBC /* SF-Pro-Text-UltralightItalic.otf */; };
		E4BCDE872300A44C0094ACBC /* SF-Pro-Display-Regular.otf in Resources */ = {isa = PBXBuildFile; fileRef = E4BCDE5A2300A4480094ACBC /* SF-Pro-Display-Regular.otf */; };
		E4BCDE882300A44C0094ACBC /* SF-Pro-Rounded-Semibold.otf in Resources */ = {isa = PBXBuildFile; fileRef = E4BCDE5B2300A4480094ACBC /* SF-Pro-Rounded-Semibold.otf */; };
		E4BCDE892300A44C0094ACBC /* SF-Pro-Display-BoldItalic.otf in Resources */ = {isa = PBXBuildFile; fileRef = E4BCDE5C2300A4480094ACBC /* SF-Pro-Display-BoldItalic.otf */; };
		E4BCDE8A2300A44C0094ACBC /* SF-Pro-Display-RegularItalic.otf in Resources */ = {isa = PBXBuildFile; fileRef = E4BCDE5D2300A4480094ACBC /* SF-Pro-Display-RegularItalic.otf */; };
		E4BCDE8B2300A44C0094ACBC /* SF-Pro-Text-ThinItalic.otf in Resources */ = {isa = PBXBuildFile; fileRef = E4BCDE5E2300A4490094ACBC /* SF-Pro-Text-ThinItalic.otf */; };
		E4BCDE8C2300A44C0094ACBC /* SF-Pro-Text-SemiboldItalic.otf in Resources */ = {isa = PBXBuildFile; fileRef = E4BCDE5F2300A4490094ACBC /* SF-Pro-Text-SemiboldItalic.otf */; };
		E4BCDE8D2300A44C0094ACBC /* SF-Pro-Rounded-Ultralight.otf in Resources */ = {isa = PBXBuildFile; fileRef = E4BCDE602300A4490094ACBC /* SF-Pro-Rounded-Ultralight.otf */; };
		E4BCDE8E2300A44C0094ACBC /* SF-Pro-Text-LightItalic.otf in Resources */ = {isa = PBXBuildFile; fileRef = E4BCDE612300A4490094ACBC /* SF-Pro-Text-LightItalic.otf */; };
		E4BCDE8F2300A44C0094ACBC /* SF-Pro-Display-Light.otf in Resources */ = {isa = PBXBuildFile; fileRef = E4BCDE622300A44A0094ACBC /* SF-Pro-Display-Light.otf */; };
		E4BCDE902300A44C0094ACBC /* SF-Pro-Display-Heavy.otf in Resources */ = {isa = PBXBuildFile; fileRef = E4BCDE632300A44A0094ACBC /* SF-Pro-Display-Heavy.otf */; };
		E4BCDE912300A44C0094ACBC /* SF-Pro-Display-Semibold.otf in Resources */ = {isa = PBXBuildFile; fileRef = E4BCDE642300A44A0094ACBC /* SF-Pro-Display-Semibold.otf */; };
		E4BCDE922300A44C0094ACBC /* SF-Pro-Display-Black.otf in Resources */ = {isa = PBXBuildFile; fileRef = E4BCDE652300A44B0094ACBC /* SF-Pro-Display-Black.otf */; };
		E4BCDE932300A44C0094ACBC /* SF-Pro-Rounded-Regular.otf in Resources */ = {isa = PBXBuildFile; fileRef = E4BCDE662300A44B0094ACBC /* SF-Pro-Rounded-Regular.otf */; };
		E4BCDE942300A44C0094ACBC /* SF-Pro-Text-Black.otf in Resources */ = {isa = PBXBuildFile; fileRef = E4BCDE672300A44B0094ACBC /* SF-Pro-Text-Black.otf */; };
		E4BCDE952300A44C0094ACBC /* SF-Pro-Display-Medium.otf in Resources */ = {isa = PBXBuildFile; fileRef = E4BCDE682300A44C0094ACBC /* SF-Pro-Display-Medium.otf */; };
/* End PBXBuildFile section */

/* Begin PBXFileReference section */
		55BB0C0423022B9F005EAD04 /* LoadingView.swift */ = {isa = PBXFileReference; fileEncoding = 4; lastKnownFileType = sourcecode.swift; path = LoadingView.swift; sourceTree = "<group>"; };
		55BB0C0523022B9F005EAD04 /* LoadingView.xib */ = {isa = PBXFileReference; fileEncoding = 4; lastKnownFileType = file.xib; path = LoadingView.xib; sourceTree = "<group>"; };
		55C019CB2302288200D37B58 /* Assets.xcassets */ = {isa = PBXFileReference; lastKnownFileType = folder.assetcatalog; path = Assets.xcassets; sourceTree = "<group>"; };
		E484DE622300C5390050E15B /* QuizViewController.swift */ = {isa = PBXFileReference; lastKnownFileType = sourcecode.swift; path = QuizViewController.swift; sourceTree = "<group>"; };
		E484DE642300F2390050E15B /* KeywordTableViewCell.swift */ = {isa = PBXFileReference; lastKnownFileType = sourcecode.swift; path = KeywordTableViewCell.swift; sourceTree = "<group>"; };
		E484DE682300F5340050E15B /* ButtonState.swift */ = {isa = PBXFileReference; lastKnownFileType = sourcecode.swift; path = ButtonState.swift; sourceTree = "<group>"; };
		E484DE6C2300F9160050E15B /* TimeFormat.swift */ = {isa = PBXFileReference; lastKnownFileType = sourcecode.swift; path = TimeFormat.swift; sourceTree = "<group>"; };
		E4BCDE2222FF81500094ACBC /* Code Quiz.app */ = {isa = PBXFileReference; explicitFileType = wrapper.application; includeInIndex = 0; path = "Code Quiz.app"; sourceTree = BUILT_PRODUCTS_DIR; };
		E4BCDE2522FF81500094ACBC /* AppDelegate.swift */ = {isa = PBXFileReference; lastKnownFileType = sourcecode.swift; path = AppDelegate.swift; sourceTree = "<group>"; };
		E4BCDE2A22FF81500094ACBC /* Base */ = {isa = PBXFileReference; lastKnownFileType = file.storyboard; name = Base; path = Base.lproj/Main.storyboard; sourceTree = "<group>"; };
		E4BCDE2F22FF81520094ACBC /* Base */ = {isa = PBXFileReference; lastKnownFileType = file.storyboard; name = Base; path = Base.lproj/LaunchScreen.storyboard; sourceTree = "<group>"; };
		E4BCDE3122FF81520094ACBC /* Info.plist */ = {isa = PBXFileReference; lastKnownFileType = text.plist.xml; path = Info.plist; sourceTree = "<group>"; };
		E4BCDE3722FF81990094ACBC /* KeywordsService.swift */ = {isa = PBXFileReference; lastKnownFileType = sourcecode.swift; path = KeywordsService.swift; sourceTree = "<group>"; };
		E4BCDE3922FF88370094ACBC /* Keywords.swift */ = {isa = PBXFileReference; lastKnownFileType = sourcecode.swift; path = Keywords.swift; sourceTree = "<group>"; };
		E4BCDE3C2300A4410094ACBC /* SF-Pro-Display-HeavyItalic.otf */ = {isa = PBXFileReference; lastKnownFileType = file; path = "SF-Pro-Display-HeavyItalic.otf"; sourceTree = "<group>"; };
		E4BCDE3D2300A4410094ACBC /* SF-Pro-Display-Ultralight.otf */ = {isa = PBXFileReference; lastKnownFileType = file; path = "SF-Pro-Display-Ultralight.otf"; sourceTree = "<group>"; };
		E4BCDE3E2300A4410094ACBC /* SF-Pro-Display-ThinItalic.otf */ = {isa = PBXFileReference; lastKnownFileType = file; path = "SF-Pro-Display-ThinItalic.otf"; sourceTree = "<group>"; };
		E4BCDE3F2300A4410094ACBC /* SF-Pro-Rounded-Heavy.otf */ = {isa = PBXFileReference; lastKnownFileType = file; path = "SF-Pro-Rounded-Heavy.otf"; sourceTree = "<group>"; };
		E4BCDE402300A4420094ACBC /* SF-Pro-Text-MediumItalic.otf */ = {isa = PBXFileReference; lastKnownFileType = file; path = "SF-Pro-Text-MediumItalic.otf"; sourceTree = "<group>"; };
		E4BCDE412300A4420094ACBC /* SF-Pro-Text-RegularItalic.otf */ = {isa = PBXFileReference; lastKnownFileType = file; path = "SF-Pro-Text-RegularItalic.otf"; sourceTree = "<group>"; };
		E4BCDE422300A4420094ACBC /* SF-Pro-Text-Semibold.otf */ = {isa = PBXFileReference; lastKnownFileType = file; path = "SF-Pro-Text-Semibold.otf"; sourceTree = "<group>"; };
		E4BCDE432300A4420094ACBC /* SF-Pro-Display-SemiboldItalic.otf */ = {isa = PBXFileReference; lastKnownFileType = file; path = "SF-Pro-Display-SemiboldItalic.otf"; sourceTree = "<group>"; };
		E4BCDE442300A4420094ACBC /* SF-Pro-Text-HeavyItalic.otf */ = {isa = PBXFileReference; lastKnownFileType = file; path = "SF-Pro-Text-HeavyItalic.otf"; sourceTree = "<group>"; };
		E4BCDE452300A4420094ACBC /* SF-Pro-Text-Heavy.otf */ = {isa = PBXFileReference; lastKnownFileType = file; path = "SF-Pro-Text-Heavy.otf"; sourceTree = "<group>"; };
		E4BCDE462300A4430094ACBC /* SF-Pro-Display-LightItalic.otf */ = {isa = PBXFileReference; lastKnownFileType = file; path = "SF-Pro-Display-LightItalic.otf"; sourceTree = "<group>"; };
		E4BCDE472300A4430094ACBC /* SF-Pro-Rounded-Light.otf */ = {isa = PBXFileReference; lastKnownFileType = file; path = "SF-Pro-Rounded-Light.otf"; sourceTree = "<group>"; };
		E4BCDE482300A4430094ACBC /* SF-Pro-Text-BlackItalic.otf */ = {isa = PBXFileReference; lastKnownFileType = file; path = "SF-Pro-Text-BlackItalic.otf"; sourceTree = "<group>"; };
		E4BCDE492300A4430094ACBC /* SF-Pro-Text-Light.otf */ = {isa = PBXFileReference; lastKnownFileType = file; path = "SF-Pro-Text-Light.otf"; sourceTree = "<group>"; };
		E4BCDE4A2300A4430094ACBC /* SF-Pro-Text-Regular.otf */ = {isa = PBXFileReference; lastKnownFileType = file; path = "SF-Pro-Text-Regular.otf"; sourceTree = "<group>"; };
		E4BCDE4B2300A4440094ACBC /* SF-Pro-Text-Thin.otf */ = {isa = PBXFileReference; lastKnownFileType = file; path = "SF-Pro-Text-Thin.otf"; sourceTree = "<group>"; };
		E4BCDE4C2300A4440094ACBC /* SF-Pro-Text-Ultralight.otf */ = {isa = PBXFileReference; lastKnownFileType = file; path = "SF-Pro-Text-Ultralight.otf"; sourceTree = "<group>"; };
		E4BCDE4D2300A4440094ACBC /* SF-Pro-Rounded-Black.otf */ = {isa = PBXFileReference; lastKnownFileType = file; path = "SF-Pro-Rounded-Black.otf"; sourceTree = "<group>"; };
		E4BCDE4E2300A4450094ACBC /* SF-Pro-Rounded-Medium.otf */ = {isa = PBXFileReference; lastKnownFileType = file; path = "SF-Pro-Rounded-Medium.otf"; sourceTree = "<group>"; };
		E4BCDE4F2300A4450094ACBC /* SF-Pro-Text-BoldItalic.otf */ = {isa = PBXFileReference; lastKnownFileType = file; path = "SF-Pro-Text-BoldItalic.otf"; sourceTree = "<group>"; };
		E4BCDE502300A4450094ACBC /* SF-Pro-Text-Bold.otf */ = {isa = PBXFileReference; lastKnownFileType = file; path = "SF-Pro-Text-Bold.otf"; sourceTree = "<group>"; };
		E4BCDE512300A4450094ACBC /* SF-Pro-Text-Medium.otf */ = {isa = PBXFileReference; lastKnownFileType = file; path = "SF-Pro-Text-Medium.otf"; sourceTree = "<group>"; };
		E4BCDE522300A4460094ACBC /* SF-Pro-Rounded-Bold.otf */ = {isa = PBXFileReference; lastKnownFileType = file; path = "SF-Pro-Rounded-Bold.otf"; sourceTree = "<group>"; };
		E4BCDE532300A4460094ACBC /* SF-Pro-Display-UltralightItalic.otf */ = {isa = PBXFileReference; lastKnownFileType = file; path = "SF-Pro-Display-UltralightItalic.otf"; sourceTree = "<group>"; };
		E4BCDE542300A4460094ACBC /* SF-Pro-Display-Thin.otf */ = {isa = PBXFileReference; lastKnownFileType = file; path = "SF-Pro-Display-Thin.otf"; sourceTree = "<group>"; };
		E4BCDE552300A4470094ACBC /* SF-Pro-Display-BlackItalic.otf */ = {isa = PBXFileReference; lastKnownFileType = file; path = "SF-Pro-Display-BlackItalic.otf"; sourceTree = "<group>"; };
		E4BCDE562300A4470094ACBC /* SF-Pro-Rounded-Thin.otf */ = {isa = PBXFileReference; lastKnownFileType = file; path = "SF-Pro-Rounded-Thin.otf"; sourceTree = "<group>"; };
		E4BCDE572300A4470094ACBC /* SF-Pro-Display-MediumItalic.otf */ = {isa = PBXFileReference; lastKnownFileType = file; path = "SF-Pro-Display-MediumItalic.otf"; sourceTree = "<group>"; };
		E4BCDE582300A4470094ACBC /* SF-Pro-Display-Bold.otf */ = {isa = PBXFileReference; lastKnownFileType = file; path = "SF-Pro-Display-Bold.otf"; sourceTree = "<group>"; };
		E4BCDE592300A4470094ACBC /* SF-Pro-Text-UltralightItalic.otf */ = {isa = PBXFileReference; lastKnownFileType = file; path = "SF-Pro-Text-UltralightItalic.otf"; sourceTree = "<group>"; };
		E4BCDE5A2300A4480094ACBC /* SF-Pro-Display-Regular.otf */ = {isa = PBXFileReference; lastKnownFileType = file; path = "SF-Pro-Display-Regular.otf"; sourceTree = "<group>"; };
		E4BCDE5B2300A4480094ACBC /* SF-Pro-Rounded-Semibold.otf */ = {isa = PBXFileReference; lastKnownFileType = file; path = "SF-Pro-Rounded-Semibold.otf"; sourceTree = "<group>"; };
		E4BCDE5C2300A4480094ACBC /* SF-Pro-Display-BoldItalic.otf */ = {isa = PBXFileReference; lastKnownFileType = file; path = "SF-Pro-Display-BoldItalic.otf"; sourceTree = "<group>"; };
		E4BCDE5D2300A4480094ACBC /* SF-Pro-Display-RegularItalic.otf */ = {isa = PBXFileReference; lastKnownFileType = file; path = "SF-Pro-Display-RegularItalic.otf"; sourceTree = "<group>"; };
		E4BCDE5E2300A4490094ACBC /* SF-Pro-Text-ThinItalic.otf */ = {isa = PBXFileReference; lastKnownFileType = file; path = "SF-Pro-Text-ThinItalic.otf"; sourceTree = "<group>"; };
		E4BCDE5F2300A4490094ACBC /* SF-Pro-Text-SemiboldItalic.otf */ = {isa = PBXFileReference; lastKnownFileType = file; path = "SF-Pro-Text-SemiboldItalic.otf"; sourceTree = "<group>"; };
		E4BCDE602300A4490094ACBC /* SF-Pro-Rounded-Ultralight.otf */ = {isa = PBXFileReference; lastKnownFileType = file; path = "SF-Pro-Rounded-Ultralight.otf"; sourceTree = "<group>"; };
		E4BCDE612300A4490094ACBC /* SF-Pro-Text-LightItalic.otf */ = {isa = PBXFileReference; lastKnownFileType = file; path = "SF-Pro-Text-LightItalic.otf"; sourceTree = "<group>"; };
		E4BCDE622300A44A0094ACBC /* SF-Pro-Display-Light.otf */ = {isa = PBXFileReference; lastKnownFileType = file; path = "SF-Pro-Display-Light.otf"; sourceTree = "<group>"; };
		E4BCDE632300A44A0094ACBC /* SF-Pro-Display-Heavy.otf */ = {isa = PBXFileReference; lastKnownFileType = file; path = "SF-Pro-Display-Heavy.otf"; sourceTree = "<group>"; };
		E4BCDE642300A44A0094ACBC /* SF-Pro-Display-Semibold.otf */ = {isa = PBXFileReference; lastKnownFileType = file; path = "SF-Pro-Display-Semibold.otf"; sourceTree = "<group>"; };
		E4BCDE652300A44B0094ACBC /* SF-Pro-Display-Black.otf */ = {isa = PBXFileReference; lastKnownFileType = file; path = "SF-Pro-Display-Black.otf"; sourceTree = "<group>"; };
		E4BCDE662300A44B0094ACBC /* SF-Pro-Rounded-Regular.otf */ = {isa = PBXFileReference; lastKnownFileType = file; path = "SF-Pro-Rounded-Regular.otf"; sourceTree = "<group>"; };
		E4BCDE672300A44B0094ACBC /* SF-Pro-Text-Black.otf */ = {isa = PBXFileReference; lastKnownFileType = file; path = "SF-Pro-Text-Black.otf"; sourceTree = "<group>"; };
		E4BCDE682300A44C0094ACBC /* SF-Pro-Display-Medium.otf */ = {isa = PBXFileReference; lastKnownFileType = file; path = "SF-Pro-Display-Medium.otf"; sourceTree = "<group>"; };
/* End PBXFileReference section */

/* Begin PBXFrameworksBuildPhase section */
		E4BCDE1F22FF81500094ACBC /* Frameworks */ = {
			isa = PBXFrameworksBuildPhase;
			buildActionMask = 2147483647;
			files = (
			);
			runOnlyForDeploymentPostprocessing = 0;
		};
/* End PBXFrameworksBuildPhase section */

/* Begin PBXGroup section */
		E4BCDE1922FF814F0094ACBC = {
			isa = PBXGroup;
			children = (
				E4BCDE2422FF81500094ACBC /* Code Quiz */,
				E4BCDE2322FF81500094ACBC /* Products */,
			);
			sourceTree = "<group>";
		};
		E4BCDE2322FF81500094ACBC /* Products */ = {
			isa = PBXGroup;
			children = (
				E4BCDE2222FF81500094ACBC /* Code Quiz.app */,
			);
			name = Products;
			sourceTree = "<group>";
		};
		E4BCDE2422FF81500094ACBC /* Code Quiz */ = {
			isa = PBXGroup;
			children = (
				E4BCDE2522FF81500094ACBC /* AppDelegate.swift */,
				E484DE622300C5390050E15B /* QuizViewController.swift */,
				E484DE682300F5340050E15B /* ButtonState.swift */,
				E484DE642300F2390050E15B /* KeywordTableViewCell.swift */,
				E484DE6C2300F9160050E15B /* TimeFormat.swift */,
				E4BCDE3722FF81990094ACBC /* KeywordsService.swift */,
				E4BCDE3922FF88370094ACBC /* Keywords.swift */,
				E4BCDE2922FF81500094ACBC /* Main.storyboard */,
				55BB0C0423022B9F005EAD04 /* LoadingView.swift */,
				55BB0C0523022B9F005EAD04 /* LoadingView.xib */,
				55C019CB2302288200D37B58 /* Assets.xcassets */,
				E4BCDE2E22FF81520094ACBC /* LaunchScreen.storyboard */,
				E4BCDE3122FF81520094ACBC /* Info.plist */,
				E4BCDE3B2300A4220094ACBC /* Fonts */,
			);
			path = "Code Quiz";
			sourceTree = "<group>";
		};
		E4BCDE3B2300A4220094ACBC /* Fonts */ = {
			isa = PBXGroup;
			children = (
				E4BCDE652300A44B0094ACBC /* SF-Pro-Display-Black.otf */,
				E4BCDE552300A4470094ACBC /* SF-Pro-Display-BlackItalic.otf */,
				E4BCDE582300A4470094ACBC /* SF-Pro-Display-Bold.otf */,
				E4BCDE5C2300A4480094ACBC /* SF-Pro-Display-BoldItalic.otf */,
				E4BCDE632300A44A0094ACBC /* SF-Pro-Display-Heavy.otf */,
				E4BCDE3C2300A4410094ACBC /* SF-Pro-Display-HeavyItalic.otf */,
				E4BCDE622300A44A0094ACBC /* SF-Pro-Display-Light.otf */,
				E4BCDE462300A4430094ACBC /* SF-Pro-Display-LightItalic.otf */,
				E4BCDE682300A44C0094ACBC /* SF-Pro-Display-Medium.otf */,
				E4BCDE572300A4470094ACBC /* SF-Pro-Display-MediumItalic.otf */,
				E4BCDE5A2300A4480094ACBC /* SF-Pro-Display-Regular.otf */,
				E4BCDE5D2300A4480094ACBC /* SF-Pro-Display-RegularItalic.otf */,
				E4BCDE642300A44A0094ACBC /* SF-Pro-Display-Semibold.otf */,
				E4BCDE432300A4420094ACBC /* SF-Pro-Display-SemiboldItalic.otf */,
				E4BCDE542300A4460094ACBC /* SF-Pro-Display-Thin.otf */,
				E4BCDE3E2300A4410094ACBC /* SF-Pro-Display-ThinItalic.otf */,
				E4BCDE3D2300A4410094ACBC /* SF-Pro-Display-Ultralight.otf */,
				E4BCDE532300A4460094ACBC /* SF-Pro-Display-UltralightItalic.otf */,
				E4BCDE4D2300A4440094ACBC /* SF-Pro-Rounded-Black.otf */,
				E4BCDE522300A4460094ACBC /* SF-Pro-Rounded-Bold.otf */,
				E4BCDE3F2300A4410094ACBC /* SF-Pro-Rounded-Heavy.otf */,
				E4BCDE472300A4430094ACBC /* SF-Pro-Rounded-Light.otf */,
				E4BCDE4E2300A4450094ACBC /* SF-Pro-Rounded-Medium.otf */,
				E4BCDE662300A44B0094ACBC /* SF-Pro-Rounded-Regular.otf */,
				E4BCDE5B2300A4480094ACBC /* SF-Pro-Rounded-Semibold.otf */,
				E4BCDE562300A4470094ACBC /* SF-Pro-Rounded-Thin.otf */,
				E4BCDE602300A4490094ACBC /* SF-Pro-Rounded-Ultralight.otf */,
				E4BCDE672300A44B0094ACBC /* SF-Pro-Text-Black.otf */,
				E4BCDE482300A4430094ACBC /* SF-Pro-Text-BlackItalic.otf */,
				E4BCDE502300A4450094ACBC /* SF-Pro-Text-Bold.otf */,
				E4BCDE4F2300A4450094ACBC /* SF-Pro-Text-BoldItalic.otf */,
				E4BCDE452300A4420094ACBC /* SF-Pro-Text-Heavy.otf */,
				E4BCDE442300A4420094ACBC /* SF-Pro-Text-HeavyItalic.otf */,
				E4BCDE492300A4430094ACBC /* SF-Pro-Text-Light.otf */,
				E4BCDE612300A4490094ACBC /* SF-Pro-Text-LightItalic.otf */,
				E4BCDE512300A4450094ACBC /* SF-Pro-Text-Medium.otf */,
				E4BCDE402300A4420094ACBC /* SF-Pro-Text-MediumItalic.otf */,
				E4BCDE4A2300A4430094ACBC /* SF-Pro-Text-Regular.otf */,
				E4BCDE412300A4420094ACBC /* SF-Pro-Text-RegularItalic.otf */,
				E4BCDE422300A4420094ACBC /* SF-Pro-Text-Semibold.otf */,
				E4BCDE5F2300A4490094ACBC /* SF-Pro-Text-SemiboldItalic.otf */,
				E4BCDE4B2300A4440094ACBC /* SF-Pro-Text-Thin.otf */,
				E4BCDE5E2300A4490094ACBC /* SF-Pro-Text-ThinItalic.otf */,
				E4BCDE4C2300A4440094ACBC /* SF-Pro-Text-Ultralight.otf */,
				E4BCDE592300A4470094ACBC /* SF-Pro-Text-UltralightItalic.otf */,
			);
			path = Fonts;
			sourceTree = "<group>";
		};
/* End PBXGroup section */

/* Begin PBXNativeTarget section */
		E4BCDE2122FF81500094ACBC /* Code Quiz */ = {
			isa = PBXNativeTarget;
			buildConfigurationList = E4BCDE3422FF81520094ACBC /* Build configuration list for PBXNativeTarget "Code Quiz" */;
			buildPhases = (
				E4BCDE1E22FF81500094ACBC /* Sources */,
				E4BCDE1F22FF81500094ACBC /* Frameworks */,
				E4BCDE2022FF81500094ACBC /* Resources */,
			);
			buildRules = (
			);
			dependencies = (
			);
			name = "Code Quiz";
			productName = "Code Quiz";
			productReference = E4BCDE2222FF81500094ACBC /* Code Quiz.app */;
			productType = "com.apple.product-type.application";
		};
/* End PBXNativeTarget section */

/* Begin PBXProject section */
		E4BCDE1A22FF814F0094ACBC /* Project object */ = {
			isa = PBXProject;
			attributes = {
				LastSwiftUpdateCheck = 1030;
				LastUpgradeCheck = 1030;
				ORGANIZATIONNAME = "Felipe de Lara";
				TargetAttributes = {
					E4BCDE2122FF81500094ACBC = {
						CreatedOnToolsVersion = 10.3;
					};
				};
			};
			buildConfigurationList = E4BCDE1D22FF814F0094ACBC /* Build configuration list for PBXProject "Code Quiz" */;
			compatibilityVersion = "Xcode 9.3";
			developmentRegion = en;
			hasScannedForEncodings = 0;
			knownRegions = (
				en,
				Base,
			);
			mainGroup = E4BCDE1922FF814F0094ACBC;
			productRefGroup = E4BCDE2322FF81500094ACBC /* Products */;
			projectDirPath = "";
			projectRoot = "";
			targets = (
				E4BCDE2122FF81500094ACBC /* Code Quiz */,
			);
		};
/* End PBXProject section */

/* Begin PBXResourcesBuildPhase section */
		E4BCDE2022FF81500094ACBC /* Resources */ = {
			isa = PBXResourcesBuildPhase;
			buildActionMask = 2147483647;
			files = (
				E4BCDE812300A44C0094ACBC /* SF-Pro-Display-Thin.otf in Resources */,
				E4BCDE722300A44C0094ACBC /* SF-Pro-Text-Heavy.otf in Resources */,
				E4BCDE922300A44C0094ACBC /* SF-Pro-Display-Black.otf in Resources */,
				E4BCDE7F2300A44C0094ACBC /* SF-Pro-Rounded-Bold.otf in Resources */,
				E4BCDE832300A44C0094ACBC /* SF-Pro-Rounded-Thin.otf in Resources */,
				E4BCDE762300A44C0094ACBC /* SF-Pro-Text-Light.otf in Resources */,
				E4BCDE7D2300A44C0094ACBC /* SF-Pro-Text-Bold.otf in Resources */,
				E4BCDE742300A44C0094ACBC /* SF-Pro-Rounded-Light.otf in Resources */,
				E4BCDE8E2300A44C0094ACBC /* SF-Pro-Text-LightItalic.otf in Resources */,
				E4BCDE782300A44C0094ACBC /* SF-Pro-Text-Thin.otf in Resources */,
				E4BCDE6D2300A44C0094ACBC /* SF-Pro-Text-MediumItalic.otf in Resources */,
				E4BCDE3022FF81520094ACBC /* LaunchScreen.storyboard in Resources */,
				E4BCDE6F2300A44C0094ACBC /* SF-Pro-Text-Semibold.otf in Resources */,
				E4BCDE842300A44C0094ACBC /* SF-Pro-Display-MediumItalic.otf in Resources */,
				E4BCDE7B2300A44C0094ACBC /* SF-Pro-Rounded-Medium.otf in Resources */,
				E4BCDE772300A44C0094ACBC /* SF-Pro-Text-Regular.otf in Resources */,
				E4BCDE932300A44C0094ACBC /* SF-Pro-Rounded-Regular.otf in Resources */,
				E4BCDE6A2300A44C0094ACBC /* SF-Pro-Display-Ultralight.otf in Resources */,
				E4BCDE732300A44C0094ACBC /* SF-Pro-Display-LightItalic.otf in Resources */,
				E4BCDE7E2300A44C0094ACBC /* SF-Pro-Text-Medium.otf in Resources */,
				E4BCDE8B2300A44C0094ACBC /* SF-Pro-Text-ThinItalic.otf in Resources */,
				E4BCDE912300A44C0094ACBC /* SF-Pro-Display-Semibold.otf in Resources */,
				E4BCDE892300A44C0094ACBC /* SF-Pro-Display-BoldItalic.otf in Resources */,
				E4BCDE952300A44C0094ACBC /* SF-Pro-Display-Medium.otf in Resources */,
				E4BCDE862300A44C0094ACBC /* SF-Pro-Text-UltralightItalic.otf in Resources */,
				E4BCDE8A2300A44C0094ACBC /* SF-Pro-Display-RegularItalic.otf in Resources */,
				E4BCDE882300A44C0094ACBC /* SF-Pro-Rounded-Semibold.otf in Resources */,
				E4BCDE2B22FF81500094ACBC /* Main.storyboard in Resources */,
				E4BCDE6B2300A44C0094ACBC /* SF-Pro-Display-ThinItalic.otf in Resources */,
				E4BCDE942300A44C0094ACBC /* SF-Pro-Text-Black.otf in Resources */,
				E4BCDE702300A44C0094ACBC /* SF-Pro-Display-SemiboldItalic.otf in Resources */,
				E4BCDE752300A44C0094ACBC /* SF-Pro-Text-BlackItalic.otf in Resources */,
				55BB0C0723022B9F005EAD04 /* LoadingView.xib in Resources */,
				E4BCDE902300A44C0094ACBC /* SF-Pro-Display-Heavy.otf in Resources */,
				E4BCDE8F2300A44C0094ACBC /* SF-Pro-Display-Light.otf in Resources */,
				E4BCDE852300A44C0094ACBC /* SF-Pro-Display-Bold.otf in Resources */,
				E4BCDE8C2300A44C0094ACBC /* SF-Pro-Text-SemiboldItalic.otf in Resources */,
				E4BCDE6C2300A44C0094ACBC /* SF-Pro-Rounded-Heavy.otf in Resources */,
				E4BCDE6E2300A44C0094ACBC /* SF-Pro-Text-RegularItalic.otf in Resources */,
				E4BCDE802300A44C0094ACBC /* SF-Pro-Display-UltralightItalic.otf in Resources */,
				E4BCDE7C2300A44C0094ACBC /* SF-Pro-Text-BoldItalic.otf in Resources */,
				E4BCDE7A2300A44C0094ACBC /* SF-Pro-Rounded-Black.otf in Resources */,
				E4BCDE692300A44C0094ACBC /* SF-Pro-Display-HeavyItalic.otf in Resources */,
				E4BCDE822300A44C0094ACBC /* SF-Pro-Display-BlackItalic.otf in Resources */,
				E4BCDE712300A44C0094ACBC /* SF-Pro-Text-HeavyItalic.otf in Resources */,
				E4BCDE872300A44C0094ACBC /* SF-Pro-Display-Regular.otf in Resources */,
				E4BCDE8D2300A44C0094ACBC /* SF-Pro-Rounded-Ultralight.otf in Resources */,
				55C019CC2302288200D37B58 /* Assets.xcassets in Resources */,
				E4BCDE792300A44C0094ACBC /* SF-Pro-Text-Ultralight.otf in Resources */,
			);
			runOnlyForDeploymentPostprocessing = 0;
		};
/* End PBXResourcesBuildPhase section */

/* Begin PBXSourcesBuildPhase section */
		E4BCDE1E22FF81500094ACBC /* Sources */ = {
			isa = PBXSourcesBuildPhase;
			buildActionMask = 2147483647;
			files = (
				E484DE6D2300F9160050E15B /* TimeFormat.swift in Sources */,
				E4BCDE3822FF81990094ACBC /* KeywordsService.swift in Sources */,
				E484DE652300F2390050E15B /* KeywordTableViewCell.swift in Sources */,
				E484DE632300C5390050E15B /* QuizViewController.swift in Sources */,
				E4BCDE3A22FF88370094ACBC /* Keywords.swift in Sources */,
				55BB0C0623022B9F005EAD04 /* LoadingView.swift in Sources */,
				E4BCDE2622FF81500094ACBC /* AppDelegate.swift in Sources */,
				E484DE692300F5340050E15B /* ButtonState.swift in Sources */,
			);
			runOnlyForDeploymentPostprocessing = 0;
		};
/* End PBXSourcesBuildPhase section */

/* Begin PBXVariantGroup section */
		E4BCDE2922FF81500094ACBC /* Main.storyboard */ = {
			isa = PBXVariantGroup;
			children = (
				E4BCDE2A22FF81500094ACBC /* Base */,
			);
			name = Main.storyboard;
			sourceTree = "<group>";
		};
		E4BCDE2E22FF81520094ACBC /* LaunchScreen.storyboard */ = {
			isa = PBXVariantGroup;
			children = (
				E4BCDE2F22FF81520094ACBC /* Base */,
			);
			name = LaunchScreen.storyboard;
			sourceTree = "<group>";
		};
/* End PBXVariantGroup section */

/* Begin XCBuildConfiguration section */
		E4BCDE3222FF81520094ACBC /* Debug */ = {
			isa = XCBuildConfiguration;
			buildSettings = {
				ALWAYS_SEARCH_USER_PATHS = NO;
				CLANG_ANALYZER_NONNULL = YES;
				CLANG_ANALYZER_NUMBER_OBJECT_CONVERSION = YES_AGGRESSIVE;
				CLANG_CXX_LANGUAGE_STANDARD = "gnu++14";
				CLANG_CXX_LIBRARY = "libc++";
				CLANG_ENABLE_MODULES = YES;
				CLANG_ENABLE_OBJC_ARC = YES;
				CLANG_ENABLE_OBJC_WEAK = YES;
				CLANG_WARN_BLOCK_CAPTURE_AUTORELEASING = YES;
				CLANG_WARN_BOOL_CONVERSION = YES;
				CLANG_WARN_COMMA = YES;
				CLANG_WARN_CONSTANT_CONVERSION = YES;
				CLANG_WARN_DEPRECATED_OBJC_IMPLEMENTATIONS = YES;
				CLANG_WARN_DIRECT_OBJC_ISA_USAGE = YES_ERROR;
				CLANG_WARN_DOCUMENTATION_COMMENTS = YES;
				CLANG_WARN_EMPTY_BODY = YES;
				CLANG_WARN_ENUM_CONVERSION = YES;
				CLANG_WARN_INFINITE_RECURSION = YES;
				CLANG_WARN_INT_CONVERSION = YES;
				CLANG_WARN_NON_LITERAL_NULL_CONVERSION = YES;
				CLANG_WARN_OBJC_IMPLICIT_RETAIN_SELF = YES;
				CLANG_WARN_OBJC_LITERAL_CONVERSION = YES;
				CLANG_WARN_OBJC_ROOT_CLASS = YES_ERROR;
				CLANG_WARN_RANGE_LOOP_ANALYSIS = YES;
				CLANG_WARN_STRICT_PROTOTYPES = YES;
				CLANG_WARN_SUSPICIOUS_MOVE = YES;
				CLANG_WARN_UNGUARDED_AVAILABILITY = YES_AGGRESSIVE;
				CLANG_WARN_UNREACHABLE_CODE = YES;
				CLANG_WARN__DUPLICATE_METHOD_MATCH = YES;
				CODE_SIGN_IDENTITY = "iPhone Developer";
				COPY_PHASE_STRIP = NO;
				DEBUG_INFORMATION_FORMAT = dwarf;
				ENABLE_STRICT_OBJC_MSGSEND = YES;
				ENABLE_TESTABILITY = YES;
				GCC_C_LANGUAGE_STANDARD = gnu11;
				GCC_DYNAMIC_NO_PIC = NO;
				GCC_NO_COMMON_BLOCKS = YES;
				GCC_OPTIMIZATION_LEVEL = 0;
				GCC_PREPROCESSOR_DEFINITIONS = (
					"DEBUG=1",
					"$(inherited)",
				);
				GCC_WARN_64_TO_32_BIT_CONVERSION = YES;
				GCC_WARN_ABOUT_RETURN_TYPE = YES_ERROR;
				GCC_WARN_UNDECLARED_SELECTOR = YES;
				GCC_WARN_UNINITIALIZED_AUTOS = YES_AGGRESSIVE;
				GCC_WARN_UNUSED_FUNCTION = YES;
				GCC_WARN_UNUSED_VARIABLE = YES;
				IPHONEOS_DEPLOYMENT_TARGET = 12.4;
				MTL_ENABLE_DEBUG_INFO = INCLUDE_SOURCE;
				MTL_FAST_MATH = YES;
				ONLY_ACTIVE_ARCH = YES;
				SDKROOT = iphoneos;
				SWIFT_ACTIVE_COMPILATION_CONDITIONS = DEBUG;
				SWIFT_OPTIMIZATION_LEVEL = "-Onone";
			};
			name = Debug;
		};
		E4BCDE3322FF81520094ACBC /* Release */ = {
			isa = XCBuildConfiguration;
			buildSettings = {
				ALWAYS_SEARCH_USER_PATHS = NO;
				CLANG_ANALYZER_NONNULL = YES;
				CLANG_ANALYZER_NUMBER_OBJECT_CONVERSION = YES_AGGRESSIVE;
				CLANG_CXX_LANGUAGE_STANDARD = "gnu++14";
				CLANG_CXX_LIBRARY = "libc++";
				CLANG_ENABLE_MODULES = YES;
				CLANG_ENABLE_OBJC_ARC = YES;
				CLANG_ENABLE_OBJC_WEAK = YES;
				CLANG_WARN_BLOCK_CAPTURE_AUTORELEASING = YES;
				CLANG_WARN_BOOL_CONVERSION = YES;
				CLANG_WARN_COMMA = YES;
				CLANG_WARN_CONSTANT_CONVERSION = YES;
				CLANG_WARN_DEPRECATED_OBJC_IMPLEMENTATIONS = YES;
				CLANG_WARN_DIRECT_OBJC_ISA_USAGE = YES_ERROR;
				CLANG_WARN_DOCUMENTATION_COMMENTS = YES;
				CLANG_WARN_EMPTY_BODY = YES;
				CLANG_WARN_ENUM_CONVERSION = YES;
				CLANG_WARN_INFINITE_RECURSION = YES;
				CLANG_WARN_INT_CONVERSION = YES;
				CLANG_WARN_NON_LITERAL_NULL_CONVERSION = YES;
				CLANG_WARN_OBJC_IMPLICIT_RETAIN_SELF = YES;
				CLANG_WARN_OBJC_LITERAL_CONVERSION = YES;
				CLANG_WARN_OBJC_ROOT_CLASS = YES_ERROR;
				CLANG_WARN_RANGE_LOOP_ANALYSIS = YES;
				CLANG_WARN_STRICT_PROTOTYPES = YES;
				CLANG_WARN_SUSPICIOUS_MOVE = YES;
				CLANG_WARN_UNGUARDED_AVAILABILITY = YES_AGGRESSIVE;
				CLANG_WARN_UNREACHABLE_CODE = YES;
				CLANG_WARN__DUPLICATE_METHOD_MATCH = YES;
				CODE_SIGN_IDENTITY = "iPhone Developer";
				COPY_PHASE_STRIP = NO;
				DEBUG_INFORMATION_FORMAT = "dwarf-with-dsym";
				ENABLE_NS_ASSERTIONS = NO;
				ENABLE_STRICT_OBJC_MSGSEND = YES;
				GCC_C_LANGUAGE_STANDARD = gnu11;
				GCC_NO_COMMON_BLOCKS = YES;
				GCC_WARN_64_TO_32_BIT_CONVERSION = YES;
				GCC_WARN_ABOUT_RETURN_TYPE = YES_ERROR;
				GCC_WARN_UNDECLARED_SELECTOR = YES;
				GCC_WARN_UNINITIALIZED_AUTOS = YES_AGGRESSIVE;
				GCC_WARN_UNUSED_FUNCTION = YES;
				GCC_WARN_UNUSED_VARIABLE = YES;
				IPHONEOS_DEPLOYMENT_TARGET = 12.4;
				MTL_ENABLE_DEBUG_INFO = NO;
				MTL_FAST_MATH = YES;
				SDKROOT = iphoneos;
				SWIFT_COMPILATION_MODE = wholemodule;
				SWIFT_OPTIMIZATION_LEVEL = "-O";
				VALIDATE_PRODUCT = YES;
			};
			name = Release;
		};
		E4BCDE3522FF81520094ACBC /* Debug */ = {
			isa = XCBuildConfiguration;
			buildSettings = {
				ASSETCATALOG_COMPILER_APPICON_NAME = AppIcon;
				CODE_SIGN_STYLE = Automatic;
				DEVELOPMENT_TEAM = TQ57BUPEGC;
				INFOPLIST_FILE = "Code Quiz/Info.plist";
				IPHONEOS_DEPLOYMENT_TARGET = 12.2;
				LD_RUNPATH_SEARCH_PATHS = (
					"$(inherited)",
					"@executable_path/Frameworks",
				);
				PRODUCT_BUNDLE_IDENTIFIER = "Personal.Code-Quiz";
				PRODUCT_NAME = "$(TARGET_NAME)";
				SWIFT_VERSION = 5.0;
				TARGETED_DEVICE_FAMILY = "1,2";
			};
			name = Debug;
		};
		E4BCDE3622FF81520094ACBC /* Release */ = {
			isa = XCBuildConfiguration;
			buildSettings = {
				ASSETCATALOG_COMPILER_APPICON_NAME = AppIcon;
				CODE_SIGN_STYLE = Automatic;
				DEVELOPMENT_TEAM = TQ57BUPEGC;
				INFOPLIST_FILE = "Code Quiz/Info.plist";
				IPHONEOS_DEPLOYMENT_TARGET = 12.2;
				LD_RUNPATH_SEARCH_PATHS = (
					"$(inherited)",
					"@executable_path/Frameworks",
				);
				PRODUCT_BUNDLE_IDENTIFIER = "Personal.Code-Quiz";
				PRODUCT_NAME = "$(TARGET_NAME)";
				SWIFT_VERSION = 5.0;
				TARGETED_DEVICE_FAMILY = "1,2";
			};
			name = Release;
		};
/* End XCBuildConfiguration section */

/* Begin XCConfigurationList section */
		E4BCDE1D22FF814F0094ACBC /* Build configuration list for PBXProject "Code Quiz" */ = {
			isa = XCConfigurationList;
			buildConfigurations = (
				E4BCDE3222FF81520094ACBC /* Debug */,
				E4BCDE3322FF81520094ACBC /* Release */,
			);
			defaultConfigurationIsVisible = 0;
			defaultConfigurationName = Release;
		};
		E4BCDE3422FF81520094ACBC /* Build configuration list for PBXNativeTarget "Code Quiz" */ = {
			isa = XCConfigurationList;
			buildConfigurations = (
				E4BCDE3522FF81520094ACBC /* Debug */,
				E4BCDE3622FF81520094ACBC /* Release */,
			);
			defaultConfigurationIsVisible = 0;
			defaultConfigurationName = Release;
		};
/* End XCConfigurationList section */
	};
	rootObject = E4BCDE1A22FF814F0094ACBC /* Project object */;
}
